
Microsoft Visual Studio Solution File, Format Version 12.00
# Visual Studio Version 17
VisualStudioVersion = 17.3.32825.248
MinimumVisualStudioVersion = 10.0.40219.1
Project("{FAE04EC0-301F-11D3-BF4B-00C04F79EFBC}") = "udemyselenium", "udemyselenium\udemyselenium.csproj", "{1801CC9C-B5E8-415F-AB9A-D1B85A63EDCF}"
EndProject
Project("{FAE04EC0-301F-11D3-BF4B-00C04F79EFBC}") = "udemyseleniumcs", "udemyseleniumcs\udemyseleniumcs.csproj", "{912CC3CB-72EC-4EE7-8F92-5445E32094B0}"
EndProject
Global
	GlobalSection(SolutionConfigurationPlatforms) = preSolution
		Debug|Any CPU = Debug|Any CPU
		Release|Any CPU = Release|Any CPU
	EndGlobalSection
	GlobalSection(ProjectConfigurationPlatforms) = postSolution
		{1801CC9C-B5E8-415F-AB9A-D1B85A63EDCF}.Debug|Any CPU.ActiveCfg = Debug|Any CPU
		{1801CC9C-B5E8-415F-AB9A-D1B85A63EDCF}.Debug|Any CPU.Build.0 = Debug|Any CPU
		{1801CC9C-B5E8-415F-AB9A-D1B85A63EDCF}.Release|Any CPU.ActiveCfg = Release|Any CPU
		{1801CC9C-B5E8-415F-AB9A-D1B85A63EDCF}.Release|Any CPU.Build.0 = Release|Any CPU
		{912CC3CB-72EC-4EE7-8F92-5445E32094B0}.Debug|Any CPU.ActiveCfg = Debug|Any CPU
		{912CC3CB-72EC-4EE7-8F92-5445E32094B0}.Debug|Any CPU.Build.0 = Debug|Any CPU
		{912CC3CB-72EC-4EE7-8F92-5445E32094B0}.Release|Any CPU.ActiveCfg = Release|Any CPU
	EndGlobalSection
	GlobalSection(SolutionProperties) = preSolution
		HideSolutionNode = FALSE
	EndGlobalSection
	GlobalSection(ExtensibilityGlobals) = postSolution
		SolutionGuid = {72F13113-A89E-4306-A47A-5F22C635B6CC}
	EndGlobalSection
EndGlobal
